
Microsoft Visual Studio Solution File, Format Version 12.00
# Visual Studio Version 17
VisualStudioVersion = 17.3.32901.215
MinimumVisualStudioVersion = 10.0.40219.1
Project("{2150E333-8FDC-42A3-9474-1A3956D46DE8}") = "src", "src", "{CBB6E751-6EC7-4A29-BFE1-20ACC5B91973}"
EndProject
Project("{2150E333-8FDC-42A3-9474-1A3956D46DE8}") = "Core", "Core", "{07419349-362C-4D66-8F13-674F8F7A749C}"
EndProject
Project("{9A19103F-16F7-4668-BE54-9A1E7A4F7556}") = "HasanPolatCom.Domain", "src\Core\HasanPolatCom.Domain\HasanPolatCom.Domain.csproj", "{04641EAB-52C6-42BB-AF2C-A576C2A4BED8}"
EndProject
Project("{2150E333-8FDC-42A3-9474-1A3956D46DE8}") = "Infrastructure", "Infrastructure", "{12E621A6-FF61-438A-918F-6C5B58748FF1}"
EndProject
Project("{9A19103F-16F7-4668-BE54-9A1E7A4F7556}") = "HasanPolatCom.Persistence", "src\Infrastructure\HasanPolatCom.Persistence\HasanPolatCom.Persistence.csproj", "{32C9380E-25BE-4ED1-9492-9AAB4F389A9E}"
EndProject
Project("{2150E333-8FDC-42A3-9474-1A3956D46DE8}") = "WebApi", "WebApi", "{5DCB8106-5888-4427-A840-AA7E35B9673A}"
EndProject
Project("{9A19103F-16F7-4668-BE54-9A1E7A4F7556}") = "HasanPolatCom.WebApi", "src\WebApi\HasanPolatCom.WebApi\HasanPolatCom.WebApi.csproj", "{A19B6CBD-505A-43AD-BF12-D791E421615A}"
EndProject
Project("{9A19103F-16F7-4668-BE54-9A1E7A4F7556}") = "HasanPolatCom.Application", "src\Core\HasanPolatCom.Application\HasanPolatCom.Application.csproj", "{A971C8CD-3973-4EF4-9F04-051C9DD3AFD3}"
EndProject
Project("{2150E333-8FDC-42A3-9474-1A3956D46DE8}") = "ConsumerConsole", "ConsumerConsole", "{4F646702-DB95-4713-9C47-026972A8747C}"
EndProject
Project("{9A19103F-16F7-4668-BE54-9A1E7A4F7556}") = "HasanPolatCom.Console", "src\ConsumerConsole\HasanPolatCom.Console\HasanPolatCom.Console.csproj", "{F16846AD-15E0-4AB4-9647-BE89F59478A7}"
EndProject
Project("{2150E333-8FDC-42A3-9474-1A3956D46DE8}") = "IdentityServiceApi", "IdentityServiceApi", "{1C851E19-1A5F-4658-8D79-69A381D82558}"
EndProject
Project("{9A19103F-16F7-4668-BE54-9A1E7A4F7556}") = "IdentityService.Api", "IdentityService.Api\IdentityService.Api.csproj", "{DD24C761-58DC-4628-960D-AFBF7C8659CC}"
EndProject
Project("{2150E333-8FDC-42A3-9474-1A3956D46DE8}") = "Apps", "Apps", "{0B90B167-2867-4759-A664-782DC984DEBC}"
EndProject
Global
	GlobalSection(SolutionConfigurationPlatforms) = preSolution
		Debug|Any CPU = Debug|Any CPU
		Release|Any CPU = Release|Any CPU
	EndGlobalSection
	GlobalSection(ProjectConfigurationPlatforms) = postSolution
		{04641EAB-52C6-42BB-AF2C-A576C2A4BED8}.Debug|Any CPU.ActiveCfg = Debug|Any CPU
		{04641EAB-52C6-42BB-AF2C-A576C2A4BED8}.Debug|Any CPU.Build.0 = Debug|Any CPU
		{04641EAB-52C6-42BB-AF2C-A576C2A4BED8}.Release|Any CPU.ActiveCfg = Release|Any CPU
		{04641EAB-52C6-42BB-AF2C-A576C2A4BED8}.Release|Any CPU.Build.0 = Release|Any CPU
		{32C9380E-25BE-4ED1-9492-9AAB4F389A9E}.Debug|Any CPU.ActiveCfg = Debug|Any CPU
		{32C9380E-25BE-4ED1-9492-9AAB4F389A9E}.Debug|Any CPU.Build.0 = Debug|Any CPU
		{32C9380E-25BE-4ED1-9492-9AAB4F389A9E}.Release|Any CPU.ActiveCfg = Release|Any CPU
		{32C9380E-25BE-4ED1-9492-9AAB4F389A9E}.Release|Any CPU.Build.0 = Release|Any CPU
		{A19B6CBD-505A-43AD-BF12-D791E421615A}.Debug|Any CPU.ActiveCfg = Debug|Any CPU
		{A19B6CBD-505A-43AD-BF12-D791E421615A}.Debug|Any CPU.Build.0 = Debug|Any CPU
		{A19B6CBD-505A-43AD-BF12-D791E421615A}.Release|Any CPU.ActiveCfg = Release|Any CPU
		{A19B6CBD-505A-43AD-BF12-D791E421615A}.Release|Any CPU.Build.0 = Release|Any CPU
		{A971C8CD-3973-4EF4-9F04-051C9DD3AFD3}.Debug|Any CPU.ActiveCfg = Debug|Any CPU
		{A971C8CD-3973-4EF4-9F04-051C9DD3AFD3}.Debug|Any CPU.Build.0 = Debug|Any CPU
		{A971C8CD-3973-4EF4-9F04-051C9DD3AFD3}.Release|Any CPU.ActiveCfg = Release|Any CPU
		{A971C8CD-3973-4EF4-9F04-051C9DD3AFD3}.Release|Any CPU.Build.0 = Release|Any CPU
		{F16846AD-15E0-4AB4-9647-BE89F59478A7}.Debug|Any CPU.ActiveCfg = Debug|Any CPU
		{F16846AD-15E0-4AB4-9647-BE89F59478A7}.Debug|Any CPU.Build.0 = Debug|Any CPU
		{F16846AD-15E0-4AB4-9647-BE89F59478A7}.Release|Any CPU.ActiveCfg = Release|Any CPU
		{F16846AD-15E0-4AB4-9647-BE89F59478A7}.Release|Any CPU.Build.0 = Release|Any CPU
		{DD24C761-58DC-4628-960D-AFBF7C8659CC}.Debug|Any CPU.ActiveCfg = Debug|Any CPU
		{DD24C761-58DC-4628-960D-AFBF7C8659CC}.Debug|Any CPU.Build.0 = Debug|Any CPU
		{DD24C761-58DC-4628-960D-AFBF7C8659CC}.Release|Any CPU.ActiveCfg = Release|Any CPU
		{DD24C761-58DC-4628-960D-AFBF7C8659CC}.Release|Any CPU.Build.0 = Release|Any CPU
	EndGlobalSection
	GlobalSection(SolutionProperties) = preSolution
		HideSolutionNode = FALSE
	EndGlobalSection
	GlobalSection(NestedProjects) = preSolution
		{07419349-362C-4D66-8F13-674F8F7A749C} = {CBB6E751-6EC7-4A29-BFE1-20ACC5B91973}
		{04641EAB-52C6-42BB-AF2C-A576C2A4BED8} = {07419349-362C-4D66-8F13-674F8F7A749C}
		{12E621A6-FF61-438A-918F-6C5B58748FF1} = {CBB6E751-6EC7-4A29-BFE1-20ACC5B91973}
		{32C9380E-25BE-4ED1-9492-9AAB4F389A9E} = {12E621A6-FF61-438A-918F-6C5B58748FF1}
		{5DCB8106-5888-4427-A840-AA7E35B9673A} = {0B90B167-2867-4759-A664-782DC984DEBC}
		{A19B6CBD-505A-43AD-BF12-D791E421615A} = {5DCB8106-5888-4427-A840-AA7E35B9673A}
		{A971C8CD-3973-4EF4-9F04-051C9DD3AFD3} = {07419349-362C-4D66-8F13-674F8F7A749C}
		{4F646702-DB95-4713-9C47-026972A8747C} = {0B90B167-2867-4759-A664-782DC984DEBC}
		{F16846AD-15E0-4AB4-9647-BE89F59478A7} = {4F646702-DB95-4713-9C47-026972A8747C}
		{1C851E19-1A5F-4658-8D79-69A381D82558} = {0B90B167-2867-4759-A664-782DC984DEBC}
		{DD24C761-58DC-4628-960D-AFBF7C8659CC} = {1C851E19-1A5F-4658-8D79-69A381D82558}
		{0B90B167-2867-4759-A664-782DC984DEBC} = {CBB6E751-6EC7-4A29-BFE1-20ACC5B91973}
	EndGlobalSection
	GlobalSection(ExtensibilityGlobals) = postSolution
		SolutionGuid = {E29DEBB3-3E11-49AD-8414-D1D846D01505}
	EndGlobalSection
EndGlobal
